// !$*UTF8*$!
{
	archiveVersion = 1;
	classes = {
	};
	objectVersion = 46;
	objects = {

/* Begin PBXBuildFile section */
		B04CEDBF1DF0F1510075FEB3 /* AppDelegate.swift in Sources */ = {isa = PBXBuildFile; fileRef = B04CEDBE1DF0F1510075FEB3 /* AppDelegate.swift */; };
		B04CEDC11DF0F1510075FEB3 /* ViewController.swift in Sources */ = {isa = PBXBuildFile; fileRef = B04CEDC01DF0F1510075FEB3 /* ViewController.swift */; };
		B04CEDC41DF0F1510075FEB3 /* Main.storyboard in Resources */ = {isa = PBXBuildFile; fileRef = B04CEDC21DF0F1510075FEB3 /* Main.storyboard */; };
		B04CEDC61DF0F1510075FEB3 /* Assets.xcassets in Resources */ = {isa = PBXBuildFile; fileRef = B04CEDC51DF0F1510075FEB3 /* Assets.xcassets */; };
		B04CEDC91DF0F1510075FEB3 /* LaunchScreen.storyboard in Resources */ = {isa = PBXBuildFile; fileRef = B04CEDC71DF0F1510075FEB3 /* LaunchScreen.storyboard */; };
		B04CEDD11DF0F1F60075FEB3 /* Datos.swift in Sources */ = {isa = PBXBuildFile; fileRef = B04CEDD01DF0F1F60075FEB3 /* Datos.swift */; };
		B04CEDD31DF0F6F60075FEB3 /* Colores.swift in Sources */ = {isa = PBXBuildFile; fileRef = B04CEDD21DF0F6F60075FEB3 /* Colores.swift */; };
/* End PBXBuildFile section */

/* Begin PBXFileReference section */
		B04CEDBB1DF0F1510075FEB3 /* Hamburguesas en el mundo.app */ = {isa = PBXFileReference; explicitFileType = wrapper.application; includeInIndex = 0; path = "Hamburguesas en el mundo.app"; sourceTree = BUILT_PRODUCTS_DIR; };
		B04CEDBE1DF0F1510075FEB3 /* AppDelegate.swift */ = {isa = PBXFileReference; lastKnownFileType = sourcecode.swift; path = AppDelegate.swift; sourceTree = "<group>"; };
		B04CEDC01DF0F1510075FEB3 /* ViewController.swift */ = {isa = PBXFileReference; lastKnownFileType = sourcecode.swift; path = ViewController.swift; sourceTree = "<group>"; };
		B04CEDC31DF0F1510075FEB3 /* Base */ = {isa = PBXFileReference; lastKnownFileType = file.storyboard; name = Base; path = Base.lproj/Main.storyboard; sourceTree = "<group>"; };
		B04CEDC51DF0F1510075FEB3 /* Assets.xcassets */ = {isa = PBXFileReference; lastKnownFileType = folder.assetcatalog; path = Assets.xcassets; sourceTree = "<group>"; };
		B04CEDC81DF0F1510075FEB3 /* Base */ = {isa = PBXFileReference; lastKnownFileType = file.storyboard; name = Base; path = Base.lproj/LaunchScreen.storyboard; sourceTree = "<group>"; };
		B04CEDCA1DF0F1510075FEB3 /* Info.plist */ = {isa = PBXFileReference; lastKnownFileType = text.plist.xml; path = Info.plist; sourceTree = "<group>"; };
		B04CEDD01DF0F1F60075FEB3 /* Datos.swift */ = {isa = PBXFileReference; fileEncoding = 4; lastKnownFileType = sourcecode.swift; path = Datos.swift; sourceTree = "<group>"; };
		B04CEDD21DF0F6F60075FEB3 /* Colores.swift */ = {isa = PBXFileReference; fileEncoding = 4; lastKnownFileType = sourcecode.swift; path = Colores.swift; sourceTree = "<group>"; };
/* End PBXFileReference section */

/* Begin PBXFrameworksBuildPhase section */
		B04CEDB81DF0F1500075FEB3 /* Frameworks */ = {
			isa = PBXFrameworksBuildPhase;
			buildActionMask = 2147483647;
			files = (
			);
			runOnlyForDeploymentPostprocessing = 0;
		};
/* End PBXFrameworksBuildPhase section */

/* Begin PBXGroup section */
		B04CEDB21DF0F1500075FEB3 = {
			isa = PBXGroup;
			children = (
				B04CEDBD1DF0F1510075FEB3 /* Hamburguesas en el mundo */,
				B04CEDBC1DF0F1510075FEB3 /* Products */,
			);
			sourceTree = "<group>";
		};
		B04CEDBC1DF0F1510075FEB3 /* Products */ = {
			isa = PBXGroup;
			children = (
				B04CEDBB1DF0F1510075FEB3 /* Hamburguesas en el mundo.app */,
			);
			name = Products;
			sourceTree = "<group>";
		};
		B04CEDBD1DF0F1510075FEB3 /* Hamburguesas en el mundo */ = {
			isa = PBXGroup;
			children = (
				B04CEDBE1DF0F1510075FEB3 /* AppDelegate.swift */,
				B04CEDD01DF0F1F60075FEB3 /* Datos.swift */,
				B04CEDC01DF0F1510075FEB3 /* ViewController.swift */,
				B04CEDD21DF0F6F60075FEB3 /* Colores.swift */,
				B04CEDC21DF0F1510075FEB3 /* Main.storyboard */,
				B04CEDC51DF0F1510075FEB3 /* Assets.xcassets */,
				B04CEDC71DF0F1510075FEB3 /* LaunchScreen.storyboard */,
				B04CEDCA1DF0F1510075FEB3 /* Info.plist */,
			);
			path = "Hamburguesas en el mundo";
			sourceTree = "<group>";
		};
/* End PBXGroup section */

/* Begin PBXNativeTarget section */
		B04CEDBA1DF0F1500075FEB3 /* Hamburguesas en el mundo */ = {
			isa = PBXNativeTarget;
			buildConfigurationList = B04CEDCD1DF0F1510075FEB3 /* Build configuration list for PBXNativeTarget "Hamburguesas en el mundo" */;
			buildPhases = (
				B04CEDB71DF0F1500075FEB3 /* Sources */,
				B04CEDB81DF0F1500075FEB3 /* Frameworks */,
				B04CEDB91DF0F1500075FEB3 /* Resources */,
			);
			buildRules = (
			);
			dependencies = (
			);
			name = "Hamburguesas en el mundo";
			productName = "Hamburguesas en el mundo";
			productReference = B04CEDBB1DF0F1510075FEB3 /* Hamburguesas en el mundo.app */;
			productType = "com.apple.product-type.application";
		};
/* End PBXNativeTarget section */

/* Begin PBXProject section */
		B04CEDB31DF0F1500075FEB3 /* Project object */ = {
			isa = PBXProject;
			attributes = {
				LastSwiftUpdateCheck = 0810;
				LastUpgradeCheck = 0810;
				ORGANIZATIONNAME = "DEVBLR C.B.";
				TargetAttributes = {
					B04CEDBA1DF0F1500075FEB3 = {
						CreatedOnToolsVersion = 8.1;
						DevelopmentTeam = 73NN799R7Q;
						ProvisioningStyle = Automatic;
					};
				};
			};
			buildConfigurationList = B04CEDB61DF0F1500075FEB3 /* Build configuration list for PBXProject "Hamburguesas en el mundo" */;
			compatibilityVersion = "Xcode 3.2";
			developmentRegion = English;
			hasScannedForEncodings = 0;
			knownRegions = (
				en,
				Base,
			);
			mainGroup = B04CEDB21DF0F1500075FEB3;
			productRefGroup = B04CEDBC1DF0F1510075FEB3 /* Products */;
			projectDirPath = "";
			projectRoot = "";
			targets = (
				B04CEDBA1DF0F1500075FEB3 /* Hamburguesas en el mundo */,
			);
		};
/* End PBXProject section */

/* Begin PBXResourcesBuildPhase section */
		B04CEDB91DF0F1500075FEB3 /* Resources */ = {
			isa = PBXResourcesBuildPhase;
			buildActionMask = 2147483647;
			files = (
				B04CEDC91DF0F1510075FEB3 /* LaunchScreen.storyboard in Resources */,
				B04CEDC61DF0F1510075FEB3 /* Assets.xcassets in Resources */,
				B04CEDC41DF0F1510075FEB3 /* Main.storyboard in Resources */,
			);
			runOnlyForDeploymentPostprocessing = 0;
		};
/* End PBXResourcesBuildPhase section */

/* Begin PBXSourcesBuildPhase section */
		B04CEDB71DF0F1500075FEB3 /* Sources */ = {
			isa = PBXSourcesBuildPhase;
			buildActionMask = 2147483647;
			files = (
				B04CEDC11DF0F1510075FEB3 /* ViewController.swift in Sources */,
				B04CEDBF1DF0F1510075FEB3 /* AppDelegate.swift in Sources */,
				B04CEDD11DF0F1F60075FEB3 /* Datos.swift in Sources */,
				B04CEDD31DF0F6F60075FEB3 /* Colores.swift in Sources */,
			);
			runOnlyForDeploymentPostprocessing = 0;
		};
/* End PBXSourcesBuildPhase section */

/* Begin PBXVariantGroup section */
		B04CEDC21DF0F1510075FEB3 /* Main.storyboard */ = {
			isa = PBXVariantGroup;
			children = (
				B04CEDC31DF0F1510075FEB3 /* Base */,
			);
			name = Main.storyboard;
			sourceTree = "<group>";
		};
		B04CEDC71DF0F1510075FEB3 /* LaunchScreen.storyboard */ = {
			isa = PBXVariantGroup;
			children = (
				B04CEDC81DF0F1510075FEB3 /* Base */,
			);
			name = LaunchScreen.storyboard;
			sourceTree = "<group>";
		};
/* End PBXVariantGroup section */

/* Begin XCBuildConfiguration section */
		B04CEDCB1DF0F1510075FEB3 /* Debug */ = {
			isa = XCBuildConfiguration;
			buildSettings = {
				ALWAYS_SEARCH_USER_PATHS = NO;
				CLANG_ANALYZER_NONNULL = YES;
				CLANG_CXX_LANGUAGE_STANDARD = "gnu++0x";
				CLANG_CXX_LIBRARY = "libc++";
				CLANG_ENABLE_MODULES = YES;
				CLANG_ENABLE_OBJC_ARC = YES;
				CLANG_WARN_BOOL_CONVERSION = YES;
				CLANG_WARN_CONSTANT_CONVERSION = YES;
				CLANG_WARN_DIRECT_OBJC_ISA_USAGE = YES_ERROR;
				CLANG_WARN_DOCUMENTATION_COMMENTS = YES;
				CLANG_WARN_EMPTY_BODY = YES;
				CLANG_WARN_ENUM_CONVERSION = YES;
				CLANG_WARN_INFINITE_RECURSION = YES;
				CLANG_WARN_INT_CONVERSION = YES;
				CLANG_WARN_OBJC_ROOT_CLASS = YES_ERROR;
				CLANG_WARN_SUSPICIOUS_MOVES = YES;
				CLANG_WARN_UNREACHABLE_CODE = YES;
				CLANG_WARN__DUPLICATE_METHOD_MATCH = YES;
				"CODE_SIGN_IDENTITY[sdk=iphoneos*]" = "iPhone Developer";
				COPY_PHASE_STRIP = NO;
				DEBUG_INFORMATION_FORMAT = dwarf;
				ENABLE_STRICT_OBJC_MSGSEND = YES;
				ENABLE_TESTABILITY = YES;
				GCC_C_LANGUAGE_STANDARD = gnu99;
				GCC_DYNAMIC_NO_PIC = NO;
				GCC_NO_COMMON_BLOCKS = YES;
				GCC_OPTIMIZATION_LEVEL = 0;
				GCC_PREPROCESSOR_DEFINITIONS = (
					"DEBUG=1",
					"$(inherited)",
				);
				GCC_WARN_64_TO_32_BIT_CONVERSION = YES;
				GCC_WARN_ABOUT_RETURN_TYPE = YES_ERROR;
				GCC_WARN_UNDECLARED_SELECTOR = YES;
				GCC_WARN_UNINITIALIZED_AUTOS = YES_AGGRESSIVE;
				GCC_WARN_UNUSED_FUNCTION = YES;
				GCC_WARN_UNUSED_VARIABLE = YES;
				IPHONEOS_DEPLOYMENT_TARGET = 10.1;
				MTL_ENABLE_DEBUG_INFO = YES;
				ONLY_ACTIVE_ARCH = YES;
				SDKROOT = iphoneos;
				SWIFT_ACTIVE_COMPILATION_CONDITIONS = DEBUG;
				SWIFT_OPTIMIZATION_LEVEL = "-Onone";
			};
			name = Debug;
		};
		B04CEDCC1DF0F1510075FEB3 /* Release */ = {
			isa = XCBuildConfiguration;
			buildSettings = {
				ALWAYS_SEARCH_USER_PATHS = NO;
				CLANG_ANALYZER_NONNULL = YES;
				CLANG_CXX_LANGUAGE_STANDARD = "gnu++0x";
				CLANG_CXX_LIBRARY = "libc++";
				CLANG_ENABLE_MODULES = YES;
				CLANG_ENABLE_OBJC_ARC = YES;
				CLANG_WARN_BOOL_CONVERSION = YES;
				CLANG_WARN_CONSTANT_CONVERSION = YES;
				CLANG_WARN_DIRECT_OBJC_ISA_USAGE = YES_ERROR;
				CLANG_WARN_DOCUMENTATION_COMMENTS = YES;
				CLANG_WARN_EMPTY_BODY = YES;
				CLANG_WARN_ENUM_CONVERSION = YES;
				CLANG_WARN_INFINITE_RECURSION = YES;
				CLANG_WARN_INT_CONVERSION = YES;
				CLANG_WARN_OBJC_ROOT_CLASS = YES_ERROR;
				CLANG_WARN_SUSPICIOUS_MOVES = YES;
				CLANG_WARN_UNREACHABLE_CODE = YES;
				CLANG_WARN__DUPLICATE_METHOD_MATCH = YES;
				"CODE_SIGN_IDENTITY[sdk=iphoneos*]" = "iPhone Developer";
				COPY_PHASE_STRIP = NO;
				DEBUG_INFORMATION_FORMAT = "dwarf-with-dsym";
				ENABLE_NS_ASSERTIONS = NO;
				ENABLE_STRICT_OBJC_MSGSEND = YES;
				GCC_C_LANGUAGE_STANDARD = gnu99;
				GCC_NO_COMMON_BLOCKS = YES;
				GCC_WARN_64_TO_32_BIT_CONVERSION = YES;
				GCC_WARN_ABOUT_RETURN_TYPE = YES_ERROR;
				GCC_WARN_UNDECLARED_SELECTOR = YES;
				GCC_WARN_UNINITIALIZED_AUTOS = YES_AGGRESSIVE;
				GCC_WARN_UNUSED_FUNCTION = YES;
				GCC_WARN_UNUSED_VARIABLE = YES;
				IPHONEOS_DEPLOYMENT_TARGET = 10.1;
				MTL_ENABLE_DEBUG_INFO = NO;
				SDKROOT = iphoneos;
				SWIFT_OPTIMIZATION_LEVEL = "-Owholemodule";
				VALIDATE_PRODUCT = YES;
			};
			name = Release;
		};
		B04CEDCE1DF0F1510075FEB3 /* Debug */ = {
			isa = XCBuildConfiguration;
			buildSettings = {
				ASSETCATALOG_COMPILER_APPICON_NAME = AppIcon;
				DEVELOPMENT_TEAM = 73NN799R7Q;
				INFOPLIST_FILE = "Hamburguesas en el mundo/Info.plist";
				LD_RUNPATH_SEARCH_PATHS = "$(inherited) @executable_path/Frameworks";
				PRODUCT_BUNDLE_IDENTIFIER = "com.devblr.Hamburguesas-en-el-mundo";
				PRODUCT_NAME = "$(TARGET_NAME)";
				SWIFT_VERSION = 3.0;
			};
			name = Debug;
		};
		B04CEDCF1DF0F1510075FEB3 /* Release */ = {
			isa = XCBuildConfiguration;
			buildSettings = {
				ASSETCATALOG_COMPILER_APPICON_NAME = AppIcon;
				DEVELOPMENT_TEAM = 73NN799R7Q;
				INFOPLIST_FILE = "Hamburguesas en el mundo/Info.plist";
				LD_RUNPATH_SEARCH_PATHS = "$(inherited) @executable_path/Frameworks";
				PRODUCT_BUNDLE_IDENTIFIER = "com.devblr.Hamburguesas-en-el-mundo";
				PRODUCT_NAME = "$(TARGET_NAME)";
				SWIFT_VERSION = 3.0;
			};
			name = Release;
		};
/* End XCBuildConfiguration section */

/* Begin XCConfigurationList section */
		B04CEDB61DF0F1500075FEB3 /* Build configuration list for PBXProject "Hamburguesas en el mundo" */ = {
			isa = XCConfigurationList;
			buildConfigurations = (
				B04CEDCB1DF0F1510075FEB3 /* Debug */,
				B04CEDCC1DF0F1510075FEB3 /* Release */,
			);
			defaultConfigurationIsVisible = 0;
			defaultConfigurationName = Release;
		};
		B04CEDCD1DF0F1510075FEB3 /* Build configuration list for PBXNativeTarget "Hamburguesas en el mundo" */ = {
			isa = XCConfigurationList;
			buildConfigurations = (
				B04CEDCE1DF0F1510075FEB3 /* Debug */,
				B04CEDCF1DF0F1510075FEB3 /* Release */,
			);
			defaultConfigurationIsVisible = 0;
		};
/* End XCConfigurationList section */
	};
	rootObject = B04CEDB31DF0F1500075FEB3 /* Project object */;
}
